// !$*UTF8*$!
{
	archiveVersion = 1;
	classes = {
	};
	objectVersion = 50;
	objects = {

/* Begin PBXBuildFile section */
		78054520229FC9B800F7460A /* 爱你@2x.png in Resources */ = {isa = PBXBuildFile; fileRef = 7805451E229FC9B700F7460A /* 爱你@2x.png */; };
		78054521229FC9B800F7460A /* 爱你@3x.png in Resources */ = {isa = PBXBuildFile; fileRef = 7805451F229FC9B700F7460A /* 爱你@3x.png */; };
		78054523229FD15900F7460A /* photo@2x.png in Resources */ = {isa = PBXBuildFile; fileRef = 78054522229FD15900F7460A /* photo@2x.png */; };
		78425331228CFC680055454C /* AppDelegate.swift in Sources */ = {isa = PBXBuildFile; fileRef = 78425330228CFC680055454C /* AppDelegate.swift */; };
		78425333228CFC680055454C /* ViewController.swift in Sources */ = {isa = PBXBuildFile; fileRef = 78425332228CFC680055454C /* ViewController.swift */; };
		78425336228CFC680055454C /* Main.storyboard in Resources */ = {isa = PBXBuildFile; fileRef = 78425334228CFC680055454C /* Main.storyboard */; };
		78425338228CFC690055454C /* Assets.xcassets in Resources */ = {isa = PBXBuildFile; fileRef = 78425337228CFC690055454C /* Assets.xcassets */; };
		7842533B228CFC690055454C /* LaunchScreen.storyboard in Resources */ = {isa = PBXBuildFile; fileRef = 78425339228CFC690055454C /* LaunchScreen.storyboard */; };
		78425346228CFC6A0055454C /* SwiftStudyTests.swift in Sources */ = {isa = PBXBuildFile; fileRef = 78425345228CFC6A0055454C /* SwiftStudyTests.swift */; };
		78425351228CFC6A0055454C /* SwiftStudyUITests.swift in Sources */ = {isa = PBXBuildFile; fileRef = 78425350228CFC6A0055454C /* SwiftStudyUITests.swift */; };
		786ACB5B229D169700E9DF72 /* placeholderImage.png in Resources */ = {isa = PBXBuildFile; fileRef = 786ACB5A229D169700E9DF72 /* placeholderImage.png */; };
		787B5A6222E15AC40075F0F5 /* SLPictureTransitionAnimation.swift in Sources */ = {isa = PBXBuildFile; fileRef = 787B5A6122E15AC40075F0F5 /* SLPictureTransitionAnimation.swift */; };
		7883117222B0CC4B0045AC03 /* Data.plist in Resources */ = {isa = PBXBuildFile; fileRef = 7883117122B0CC4B0045AC03 /* Data.plist */; };
		788DDCA922DD72E100962E2E /* SLPictureZoomView.swift in Sources */ = {isa = PBXBuildFile; fileRef = 788DDCA822DD72E100962E2E /* SLPictureZoomView.swift */; };
		788DE7B722A7911D00732963 /* SLPresenter.swift in Sources */ = {isa = PBXBuildFile; fileRef = 788DE7B622A7911D00732963 /* SLPresenter.swift */; };
		7890555D22C8B2AA002617E4 /* SLPictureBrowsingCell.swift in Sources */ = {isa = PBXBuildFile; fileRef = 7890555C22C8B2AA002617E4 /* SLPictureBrowsingCell.swift */; };
		78A1659B229E3022004443B1 /* SLTableViewCell.swift in Sources */ = {isa = PBXBuildFile; fileRef = 78A1659A229E3022004443B1 /* SLTableViewCell.swift */; };
		78A51B5422E9558900643FD8 /* SLWebViewController.swift in Sources */ = {isa = PBXBuildFile; fileRef = 78A51B5322E9558900643FD8 /* SLWebViewController.swift */; };
		78C54D2E22C0E1240022C9F2 /* SLPictureBrowsingViewController.swift in Sources */ = {isa = PBXBuildFile; fileRef = 78C54D2D22C0E1240022C9F2 /* SLPictureBrowsingViewController.swift */; };
		78F2A26022DEB4D700DD148A /* SLNavigationController.swift in Sources */ = {isa = PBXBuildFile; fileRef = 78F2A25F22DEB4D700DD148A /* SLNavigationController.swift */; };
		BB37ADF54BF3E0556A75AB41 /* Pods_SwiftStudy.framework in Frameworks */ = {isa = PBXBuildFile; fileRef = EF98F7E41776603C388BB02B /* Pods_SwiftStudy.framework */; };
/* End PBXBuildFile section */

/* Begin PBXContainerItemProxy section */
		78425342228CFC6A0055454C /* PBXContainerItemProxy */ = {
			isa = PBXContainerItemProxy;
			containerPortal = 78425325228CFC680055454C /* Project object */;
			proxyType = 1;
			remoteGlobalIDString = 7842532C228CFC680055454C;
			remoteInfo = SwiftStudy;
		};
		7842534D228CFC6A0055454C /* PBXContainerItemProxy */ = {
			isa = PBXContainerItemProxy;
			containerPortal = 78425325228CFC680055454C /* Project object */;
			proxyType = 1;
			remoteGlobalIDString = 7842532C228CFC680055454C;
			remoteInfo = SwiftStudy;
		};
/* End PBXContainerItemProxy section */

/* Begin PBXFileReference section */
		1A990E8A3F2AA8835666FD59 /* Pods-SwiftStudy.debug.xcconfig */ = {isa = PBXFileReference; includeInIndex = 1; lastKnownFileType = text.xcconfig; name = "Pods-SwiftStudy.debug.xcconfig"; path = "Target Support Files/Pods-SwiftStudy/Pods-SwiftStudy.debug.xcconfig"; sourceTree = "<group>"; };
		7805451E229FC9B700F7460A /* 爱你@2x.png */ = {isa = PBXFileReference; lastKnownFileType = image.png; path = "爱你@2x.png"; sourceTree = "<group>"; };
		7805451F229FC9B700F7460A /* 爱你@3x.png */ = {isa = PBXFileReference; lastKnownFileType = image.png; path = "爱你@3x.png"; sourceTree = "<group>"; };
		78054522229FD15900F7460A /* photo@2x.png */ = {isa = PBXFileReference; lastKnownFileType = image.png; path = "photo@2x.png"; sourceTree = "<group>"; };
		7842532D228CFC680055454C /* SwiftStudy.app */ = {isa = PBXFileReference; explicitFileType = wrapper.application; includeInIndex = 0; path = SwiftStudy.app; sourceTree = BUILT_PRODUCTS_DIR; };
		78425330228CFC680055454C /* AppDelegate.swift */ = {isa = PBXFileReference; lastKnownFileType = sourcecode.swift; path = AppDelegate.swift; sourceTree = "<group>"; };
		78425332228CFC680055454C /* ViewController.swift */ = {isa = PBXFileReference; lastKnownFileType = sourcecode.swift; path = ViewController.swift; sourceTree = "<group>"; };
		78425335228CFC680055454C /* Base */ = {isa = PBXFileReference; lastKnownFileType = file.storyboard; name = Base; path = Base.lproj/Main.storyboard; sourceTree = "<group>"; };
		78425337228CFC690055454C /* Assets.xcassets */ = {isa = PBXFileReference; lastKnownFileType = folder.assetcatalog; path = Assets.xcassets; sourceTree = "<group>"; };
		7842533A228CFC690055454C /* Base */ = {isa = PBXFileReference; lastKnownFileType = file.storyboard; name = Base; path = Base.lproj/LaunchScreen.storyboard; sourceTree = "<group>"; };
		7842533C228CFC690055454C /* Info.plist */ = {isa = PBXFileReference; lastKnownFileType = text.plist.xml; path = Info.plist; sourceTree = "<group>"; };
		78425341228CFC6A0055454C /* SwiftStudyTests.xctest */ = {isa = PBXFileReference; explicitFileType = wrapper.cfbundle; includeInIndex = 0; path = SwiftStudyTests.xctest; sourceTree = BUILT_PRODUCTS_DIR; };
		78425345228CFC6A0055454C /* SwiftStudyTests.swift */ = {isa = PBXFileReference; lastKnownFileType = sourcecode.swift; path = SwiftStudyTests.swift; sourceTree = "<group>"; };
		78425347228CFC6A0055454C /* Info.plist */ = {isa = PBXFileReference; lastKnownFileType = text.plist.xml; path = Info.plist; sourceTree = "<group>"; };
		7842534C228CFC6A0055454C /* SwiftStudyUITests.xctest */ = {isa = PBXFileReference; explicitFileType = wrapper.cfbundle; includeInIndex = 0; path = SwiftStudyUITests.xctest; sourceTree = BUILT_PRODUCTS_DIR; };
		78425350228CFC6A0055454C /* SwiftStudyUITests.swift */ = {isa = PBXFileReference; lastKnownFileType = sourcecode.swift; path = SwiftStudyUITests.swift; sourceTree = "<group>"; };
		78425352228CFC6A0055454C /* Info.plist */ = {isa = PBXFileReference; lastKnownFileType = text.plist.xml; path = Info.plist; sourceTree = "<group>"; };
		786ACB5A229D169700E9DF72 /* placeholderImage.png */ = {isa = PBXFileReference; lastKnownFileType = image.png; path = placeholderImage.png; sourceTree = "<group>"; };
		787B5A6122E15AC40075F0F5 /* SLPictureTransitionAnimation.swift */ = {isa = PBXFileReference; lastKnownFileType = sourcecode.swift; path = SLPictureTransitionAnimation.swift; sourceTree = "<group>"; };
		7883117122B0CC4B0045AC03 /* Data.plist */ = {isa = PBXFileReference; lastKnownFileType = text.plist.xml; path = Data.plist; sourceTree = "<group>"; };
		788DDCA822DD72E100962E2E /* SLPictureZoomView.swift */ = {isa = PBXFileReference; lastKnownFileType = sourcecode.swift; path = SLPictureZoomView.swift; sourceTree = "<group>"; };
		788DE7B622A7911D00732963 /* SLPresenter.swift */ = {isa = PBXFileReference; lastKnownFileType = sourcecode.swift; path = SLPresenter.swift; sourceTree = "<group>"; };
		7890555C22C8B2AA002617E4 /* SLPictureBrowsingCell.swift */ = {isa = PBXFileReference; lastKnownFileType = sourcecode.swift; path = SLPictureBrowsingCell.swift; sourceTree = "<group>"; };
		78A1659A229E3022004443B1 /* SLTableViewCell.swift */ = {isa = PBXFileReference; lastKnownFileType = sourcecode.swift; path = SLTableViewCell.swift; sourceTree = "<group>"; };
		78A51B5322E9558900643FD8 /* SLWebViewController.swift */ = {isa = PBXFileReference; lastKnownFileType = sourcecode.swift; path = SLWebViewController.swift; sourceTree = "<group>"; };
		78C54D2D22C0E1240022C9F2 /* SLPictureBrowsingViewController.swift */ = {isa = PBXFileReference; lastKnownFileType = sourcecode.swift; path = SLPictureBrowsingViewController.swift; sourceTree = "<group>"; };
		78F2A25F22DEB4D700DD148A /* SLNavigationController.swift */ = {isa = PBXFileReference; lastKnownFileType = sourcecode.swift; path = SLNavigationController.swift; sourceTree = "<group>"; };
		EF98F7E41776603C388BB02B /* Pods_SwiftStudy.framework */ = {isa = PBXFileReference; explicitFileType = wrapper.framework; includeInIndex = 0; path = Pods_SwiftStudy.framework; sourceTree = BUILT_PRODUCTS_DIR; };
		FD526B84FD9D1FD983A98597 /* Pods-SwiftStudy.release.xcconfig */ = {isa = PBXFileReference; includeInIndex = 1; lastKnownFileType = text.xcconfig; name = "Pods-SwiftStudy.release.xcconfig"; path = "Target Support Files/Pods-SwiftStudy/Pods-SwiftStudy.release.xcconfig"; sourceTree = "<group>"; };
/* End PBXFileReference section */

/* Begin PBXFrameworksBuildPhase section */
		7842532A228CFC680055454C /* Frameworks */ = {
			isa = PBXFrameworksBuildPhase;
			buildActionMask = 2147483647;
			files = (
				BB37ADF54BF3E0556A75AB41 /* Pods_SwiftStudy.framework in Frameworks */,
			);
			runOnlyForDeploymentPostprocessing = 0;
		};
		7842533E228CFC6A0055454C /* Frameworks */ = {
			isa = PBXFrameworksBuildPhase;
			buildActionMask = 2147483647;
			files = (
			);
			runOnlyForDeploymentPostprocessing = 0;
		};
		78425349228CFC6A0055454C /* Frameworks */ = {
			isa = PBXFrameworksBuildPhase;
			buildActionMask = 2147483647;
			files = (
			);
			runOnlyForDeploymentPostprocessing = 0;
		};
/* End PBXFrameworksBuildPhase section */

/* Begin PBXGroup section */
		78425324228CFC680055454C = {
			isa = PBXGroup;
			children = (
				7842532F228CFC680055454C /* SwiftStudy */,
				78425344228CFC6A0055454C /* SwiftStudyTests */,
				7842534F228CFC6A0055454C /* SwiftStudyUITests */,
				7842532E228CFC680055454C /* Products */,
				EE9C2E902966C58640EDF3CA /* Pods */,
				C3921E159DCB1427D7520407 /* Frameworks */,
			);
			sourceTree = "<group>";
		};
		7842532E228CFC680055454C /* Products */ = {
			isa = PBXGroup;
			children = (
				7842532D228CFC680055454C /* SwiftStudy.app */,
				78425341228CFC6A0055454C /* SwiftStudyTests.xctest */,
				7842534C228CFC6A0055454C /* SwiftStudyUITests.xctest */,
			);
			name = Products;
			sourceTree = "<group>";
		};
		7842532F228CFC680055454C /* SwiftStudy */ = {
			isa = PBXGroup;
			children = (
				786ACB59229D169700E9DF72 /* Resource */,
				78425330228CFC680055454C /* AppDelegate.swift */,
				78F2A25F22DEB4D700DD148A /* SLNavigationController.swift */,
				78425332228CFC680055454C /* ViewController.swift */,
				788DE7B622A7911D00732963 /* SLPresenter.swift */,
				78A1659A229E3022004443B1 /* SLTableViewCell.swift */,
				78A51B5322E9558900643FD8 /* SLWebViewController.swift */,
				787B5A6122E15AC40075F0F5 /* SLPictureTransitionAnimation.swift */,
				78C54D2D22C0E1240022C9F2 /* SLPictureBrowsingViewController.swift */,
				7890555C22C8B2AA002617E4 /* SLPictureBrowsingCell.swift */,
				788DDCA822DD72E100962E2E /* SLPictureZoomView.swift */,
				78425334228CFC680055454C /* Main.storyboard */,
				78425337228CFC690055454C /* Assets.xcassets */,
				78425339228CFC690055454C /* LaunchScreen.storyboard */,
				7842533C228CFC690055454C /* Info.plist */,
			);
			path = SwiftStudy;
			sourceTree = "<group>";
		};
		78425344228CFC6A0055454C /* SwiftStudyTests */ = {
			isa = PBXGroup;
			children = (
				78425345228CFC6A0055454C /* SwiftStudyTests.swift */,
				78425347228CFC6A0055454C /* Info.plist */,
			);
			path = SwiftStudyTests;
			sourceTree = "<group>";
		};
		7842534F228CFC6A0055454C /* SwiftStudyUITests */ = {
			isa = PBXGroup;
			children = (
				78425350228CFC6A0055454C /* SwiftStudyUITests.swift */,
				78425352228CFC6A0055454C /* Info.plist */,
			);
			path = SwiftStudyUITests;
			sourceTree = "<group>";
		};
		786ACB59229D169700E9DF72 /* Resource */ = {
			isa = PBXGroup;
			children = (
				786ACB5A229D169700E9DF72 /* placeholderImage.png */,
				7805451E229FC9B700F7460A /* 爱你@2x.png */,
				7805451F229FC9B700F7460A /* 爱你@3x.png */,
				78054522229FD15900F7460A /* photo@2x.png */,
				7883117122B0CC4B0045AC03 /* Data.plist */,
			);
			path = Resource;
			sourceTree = "<group>";
		};
		C3921E159DCB1427D7520407 /* Frameworks */ = {
			isa = PBXGroup;
			children = (
				EF98F7E41776603C388BB02B /* Pods_SwiftStudy.framework */,
			);
			name = Frameworks;
			sourceTree = "<group>";
		};
		EE9C2E902966C58640EDF3CA /* Pods */ = {
			isa = PBXGroup;
			children = (
				1A990E8A3F2AA8835666FD59 /* Pods-SwiftStudy.debug.xcconfig */,
				FD526B84FD9D1FD983A98597 /* Pods-SwiftStudy.release.xcconfig */,
			);
			path = Pods;
			sourceTree = "<group>";
		};
/* End PBXGroup section */

/* Begin PBXNativeTarget section */
		7842532C228CFC680055454C /* SwiftStudy */ = {
			isa = PBXNativeTarget;
			buildConfigurationList = 78425355228CFC6A0055454C /* Build configuration list for PBXNativeTarget "SwiftStudy" */;
			buildPhases = (
				59D80046F4512F369173068B /* [CP] Check Pods Manifest.lock */,
				78425329228CFC680055454C /* Sources */,
				7842532A228CFC680055454C /* Frameworks */,
				7842532B228CFC680055454C /* Resources */,
				E9F8F587DED81D509F6C5793 /* [CP] Embed Pods Frameworks */,
			);
			buildRules = (
			);
			dependencies = (
			);
			name = SwiftStudy;
			productName = SwiftStudy;
			productReference = 7842532D228CFC680055454C /* SwiftStudy.app */;
			productType = "com.apple.product-type.application";
		};
		78425340228CFC6A0055454C /* SwiftStudyTests */ = {
			isa = PBXNativeTarget;
			buildConfigurationList = 78425358228CFC6A0055454C /* Build configuration list for PBXNativeTarget "SwiftStudyTests" */;
			buildPhases = (
				7842533D228CFC6A0055454C /* Sources */,
				7842533E228CFC6A0055454C /* Frameworks */,
				7842533F228CFC6A0055454C /* Resources */,
			);
			buildRules = (
			);
			dependencies = (
				78425343228CFC6A0055454C /* PBXTargetDependency */,
			);
			name = SwiftStudyTests;
			productName = SwiftStudyTests;
			productReference = 78425341228CFC6A0055454C /* SwiftStudyTests.xctest */;
			productType = "com.apple.product-type.bundle.unit-test";
		};
		7842534B228CFC6A0055454C /* SwiftStudyUITests */ = {
			isa = PBXNativeTarget;
			buildConfigurationList = 7842535B228CFC6A0055454C /* Build configuration list for PBXNativeTarget "SwiftStudyUITests" */;
			buildPhases = (
				78425348228CFC6A0055454C /* Sources */,
				78425349228CFC6A0055454C /* Frameworks */,
				7842534A228CFC6A0055454C /* Resources */,
			);
			buildRules = (
			);
			dependencies = (
				7842534E228CFC6A0055454C /* PBXTargetDependency */,
			);
			name = SwiftStudyUITests;
			productName = SwiftStudyUITests;
			productReference = 7842534C228CFC6A0055454C /* SwiftStudyUITests.xctest */;
			productType = "com.apple.product-type.bundle.ui-testing";
		};
/* End PBXNativeTarget section */

/* Begin PBXProject section */
		78425325228CFC680055454C /* Project object */ = {
			isa = PBXProject;
			attributes = {
				LastSwiftUpdateCheck = 1020;
				LastUpgradeCheck = 1020;
				ORGANIZATIONNAME = wsl;
				TargetAttributes = {
					7842532C228CFC680055454C = {
						CreatedOnToolsVersion = 10.2.1;
					};
					78425340228CFC6A0055454C = {
						CreatedOnToolsVersion = 10.2.1;
						TestTargetID = 7842532C228CFC680055454C;
					};
					7842534B228CFC6A0055454C = {
						CreatedOnToolsVersion = 10.2.1;
						TestTargetID = 7842532C228CFC680055454C;
					};
				};
			};
			buildConfigurationList = 78425328228CFC680055454C /* Build configuration list for PBXProject "SwiftStudy" */;
			compatibilityVersion = "Xcode 9.3";
			developmentRegion = en;
			hasScannedForEncodings = 0;
			knownRegions = (
				en,
				Base,
			);
			mainGroup = 78425324228CFC680055454C;
			productRefGroup = 7842532E228CFC680055454C /* Products */;
			projectDirPath = "";
			projectRoot = "";
			targets = (
				7842532C228CFC680055454C /* SwiftStudy */,
				78425340228CFC6A0055454C /* SwiftStudyTests */,
				7842534B228CFC6A0055454C /* SwiftStudyUITests */,
			);
		};
/* End PBXProject section */

/* Begin PBXResourcesBuildPhase section */
		7842532B228CFC680055454C /* Resources */ = {
			isa = PBXResourcesBuildPhase;
			buildActionMask = 2147483647;
			files = (
				7842533B228CFC690055454C /* LaunchScreen.storyboard in Resources */,
				786ACB5B229D169700E9DF72 /* placeholderImage.png in Resources */,
				78425338228CFC690055454C /* Assets.xcassets in Resources */,
				78425336228CFC680055454C /* Main.storyboard in Resources */,
				78054521229FC9B800F7460A /* 爱你@3x.png in Resources */,
				78054520229FC9B800F7460A /* 爱你@2x.png in Resources */,
				7883117222B0CC4B0045AC03 /* Data.plist in Resources */,
				78054523229FD15900F7460A /* photo@2x.png in Resources */,
			);
			runOnlyForDeploymentPostprocessing = 0;
		};
		7842533F228CFC6A0055454C /* Resources */ = {
			isa = PBXResourcesBuildPhase;
			buildActionMask = 2147483647;
			files = (
			);
			runOnlyForDeploymentPostprocessing = 0;
		};
		7842534A228CFC6A0055454C /* Resources */ = {
			isa = PBXResourcesBuildPhase;
			buildActionMask = 2147483647;
			files = (
			);
			runOnlyForDeploymentPostprocessing = 0;
		};
/* End PBXResourcesBuildPhase section */

/* Begin PBXShellScriptBuildPhase section */
		59D80046F4512F369173068B /* [CP] Check Pods Manifest.lock */ = {
			isa = PBXShellScriptBuildPhase;
			buildActionMask = 2147483647;
			files = (
			);
			inputFileListPaths = (
			);
			inputPaths = (
				"${PODS_PODFILE_DIR_PATH}/Podfile.lock",
				"${PODS_ROOT}/Manifest.lock",
			);
			name = "[CP] Check Pods Manifest.lock";
			outputFileListPaths = (
			);
			outputPaths = (
				"$(DERIVED_FILE_DIR)/Pods-SwiftStudy-checkManifestLockResult.txt",
			);
			runOnlyForDeploymentPostprocessing = 0;
			shellPath = /bin/sh;
			shellScript = "diff \"${PODS_PODFILE_DIR_PATH}/Podfile.lock\" \"${PODS_ROOT}/Manifest.lock\" > /dev/null\nif [ $? != 0 ] ; then\n    # print error to STDERR\n    echo \"error: The sandbox is not in sync with the Podfile.lock. Run 'pod install' or update your CocoaPods installation.\" >&2\n    exit 1\nfi\n# This output is used by Xcode 'outputs' to avoid re-running this script phase.\necho \"SUCCESS\" > \"${SCRIPT_OUTPUT_FILE_0}\"\n";
			showEnvVarsInLog = 0;
		};
		E9F8F587DED81D509F6C5793 /* [CP] Embed Pods Frameworks */ = {
			isa = PBXShellScriptBuildPhase;
			buildActionMask = 2147483647;
			files = (
			);
			inputFileListPaths = (
			);
			inputPaths = (
				"${PODS_ROOT}/Target Support Files/Pods-SwiftStudy/Pods-SwiftStudy-frameworks.sh",
				"${BUILT_PRODUCTS_DIR}/Alamofire/Alamofire.framework",
				"${BUILT_PRODUCTS_DIR}/AlamofireImage/AlamofireImage.framework",
				"${BUILT_PRODUCTS_DIR}/GDPerformanceView-Swift/GDPerformanceView_Swift.framework",
				"${BUILT_PRODUCTS_DIR}/HandyJSON/HandyJSON.framework",
				"${BUILT_PRODUCTS_DIR}/Kingfisher/Kingfisher.framework",
				"${BUILT_PRODUCTS_DIR}/SnapKit/SnapKit.framework",
				"${BUILT_PRODUCTS_DIR}/WKWebView/WKWebView.framework",
			);
			name = "[CP] Embed Pods Frameworks";
			outputFileListPaths = (
			);
			outputPaths = (
				"${TARGET_BUILD_DIR}/${FRAMEWORKS_FOLDER_PATH}/Alamofire.framework",
				"${TARGET_BUILD_DIR}/${FRAMEWORKS_FOLDER_PATH}/AlamofireImage.framework",
				"${TARGET_BUILD_DIR}/${FRAMEWORKS_FOLDER_PATH}/GDPerformanceView_Swift.framework",
				"${TARGET_BUILD_DIR}/${FRAMEWORKS_FOLDER_PATH}/HandyJSON.framework",
				"${TARGET_BUILD_DIR}/${FRAMEWORKS_FOLDER_PATH}/Kingfisher.framework",
				"${TARGET_BUILD_DIR}/${FRAMEWORKS_FOLDER_PATH}/SnapKit.framework",
				"${TARGET_BUILD_DIR}/${FRAMEWORKS_FOLDER_PATH}/WKWebView.framework",
			);
			runOnlyForDeploymentPostprocessing = 0;
			shellPath = /bin/sh;
			shellScript = "\"${PODS_ROOT}/Target Support Files/Pods-SwiftStudy/Pods-SwiftStudy-frameworks.sh\"\n";
			showEnvVarsInLog = 0;
		};
/* End PBXShellScriptBuildPhase section */

/* Begin PBXSourcesBuildPhase section */
		78425329228CFC680055454C /* Sources */ = {
			isa = PBXSourcesBuildPhase;
			buildActionMask = 2147483647;
			files = (
				78A1659B229E3022004443B1 /* SLTableViewCell.swift in Sources */,
				78425333228CFC680055454C /* ViewController.swift in Sources */,
				787B5A6222E15AC40075F0F5 /* SLPictureTransitionAnimation.swift in Sources */,
				78F2A26022DEB4D700DD148A /* SLNavigationController.swift in Sources */,
				78A51B5422E9558900643FD8 /* SLWebViewController.swift in Sources */,
				78425331228CFC680055454C /* AppDelegate.swift in Sources */,
				788DE7B722A7911D00732963 /* SLPresenter.swift in Sources */,
				7890555D22C8B2AA002617E4 /* SLPictureBrowsingCell.swift in Sources */,
				788DDCA922DD72E100962E2E /* SLPictureZoomView.swift in Sources */,
				78C54D2E22C0E1240022C9F2 /* SLPictureBrowsingViewController.swift in Sources */,
			);
			runOnlyForDeploymentPostprocessing = 0;
		};
		7842533D228CFC6A0055454C /* Sources */ = {
			isa = PBXSourcesBuildPhase;
			buildActionMask = 2147483647;
			files = (
				78425346228CFC6A0055454C /* SwiftStudyTests.swift in Sources */,
			);
			runOnlyForDeploymentPostprocessing = 0;
		};
		78425348228CFC6A0055454C /* Sources */ = {
			isa = PBXSourcesBuildPhase;
			buildActionMask = 2147483647;
			files = (
				78425351228CFC6A0055454C /* SwiftStudyUITests.swift in Sources */,
			);
			runOnlyForDeploymentPostprocessing = 0;
		};
/* End PBXSourcesBuildPhase section */

/* Begin PBXTargetDependency section */
		78425343228CFC6A0055454C /* PBXTargetDependency */ = {
			isa = PBXTargetDependency;
			target = 7842532C228CFC680055454C /* SwiftStudy */;
			targetProxy = 78425342228CFC6A0055454C /* PBXContainerItemProxy */;
		};
		7842534E228CFC6A0055454C /* PBXTargetDependency */ = {
			isa = PBXTargetDependency;
			target = 7842532C228CFC680055454C /* SwiftStudy */;
			targetProxy = 7842534D228CFC6A0055454C /* PBXContainerItemProxy */;
		};
/* End PBXTargetDependency section */

/* Begin PBXVariantGroup section */
		78425334228CFC680055454C /* Main.storyboard */ = {
			isa = PBXVariantGroup;
			children = (
				78425335228CFC680055454C /* Base */,
			);
			name = Main.storyboard;
			sourceTree = "<group>";
		};
		78425339228CFC690055454C /* LaunchScreen.storyboard */ = {
			isa = PBXVariantGroup;
			children = (
				7842533A228CFC690055454C /* Base */,
			);
			name = LaunchScreen.storyboard;
			sourceTree = "<group>";
		};
/* End PBXVariantGroup section */

/* Begin XCBuildConfiguration section */
		78425353228CFC6A0055454C /* Debug */ = {
			isa = XCBuildConfiguration;
			buildSettings = {
				ALWAYS_SEARCH_USER_PATHS = NO;
				CLANG_ANALYZER_NONNULL = YES;
				CLANG_ANALYZER_NUMBER_OBJECT_CONVERSION = YES_AGGRESSIVE;
				CLANG_CXX_LANGUAGE_STANDARD = "gnu++14";
				CLANG_CXX_LIBRARY = "libc++";
				CLANG_ENABLE_MODULES = YES;
				CLANG_ENABLE_OBJC_ARC = YES;
				CLANG_ENABLE_OBJC_WEAK = YES;
				CLANG_WARN_BLOCK_CAPTURE_AUTORELEASING = YES;
				CLANG_WARN_BOOL_CONVERSION = YES;
				CLANG_WARN_COMMA = YES;
				CLANG_WARN_CONSTANT_CONVERSION = YES;
				CLANG_WARN_DEPRECATED_OBJC_IMPLEMENTATIONS = YES;
				CLANG_WARN_DIRECT_OBJC_ISA_USAGE = YES_ERROR;
				CLANG_WARN_DOCUMENTATION_COMMENTS = YES;
				CLANG_WARN_EMPTY_BODY = YES;
				CLANG_WARN_ENUM_CONVERSION = YES;
				CLANG_WARN_INFINITE_RECURSION = YES;
				CLANG_WARN_INT_CONVERSION = YES;
				CLANG_WARN_NON_LITERAL_NULL_CONVERSION = YES;
				CLANG_WARN_OBJC_IMPLICIT_RETAIN_SELF = YES;
				CLANG_WARN_OBJC_LITERAL_CONVERSION = YES;
				CLANG_WARN_OBJC_ROOT_CLASS = YES_ERROR;
				CLANG_WARN_RANGE_LOOP_ANALYSIS = YES;
				CLANG_WARN_STRICT_PROTOTYPES = YES;
				CLANG_WARN_SUSPICIOUS_MOVE = YES;
				CLANG_WARN_UNGUARDED_AVAILABILITY = YES_AGGRESSIVE;
				CLANG_WARN_UNREACHABLE_CODE = YES;
				CLANG_WARN__DUPLICATE_METHOD_MATCH = YES;
				CODE_SIGN_IDENTITY = "iPhone Developer";
				COPY_PHASE_STRIP = NO;
				DEBUG_INFORMATION_FORMAT = dwarf;
				ENABLE_STRICT_OBJC_MSGSEND = YES;
				ENABLE_TESTABILITY = YES;
				GCC_C_LANGUAGE_STANDARD = gnu11;
				GCC_DYNAMIC_NO_PIC = NO;
				GCC_NO_COMMON_BLOCKS = YES;
				GCC_OPTIMIZATION_LEVEL = 0;
				GCC_PREPROCESSOR_DEFINITIONS = (
					"DEBUG=1",
					"$(inherited)",
				);
				GCC_WARN_64_TO_32_BIT_CONVERSION = YES;
				GCC_WARN_ABOUT_RETURN_TYPE = YES_ERROR;
				GCC_WARN_UNDECLARED_SELECTOR = YES;
				GCC_WARN_UNINITIALIZED_AUTOS = YES_AGGRESSIVE;
				GCC_WARN_UNUSED_FUNCTION = YES;
				GCC_WARN_UNUSED_VARIABLE = YES;
				IPHONEOS_DEPLOYMENT_TARGET = 12.2;
				MTL_ENABLE_DEBUG_INFO = INCLUDE_SOURCE;
				MTL_FAST_MATH = YES;
				ONLY_ACTIVE_ARCH = YES;
				SDKROOT = iphoneos;
				SWIFT_ACTIVE_COMPILATION_CONDITIONS = DEBUG;
				SWIFT_OPTIMIZATION_LEVEL = "-Onone";
			};
			name = Debug;
		};
		78425354228CFC6A0055454C /* Release */ = {
			isa = XCBuildConfiguration;
			buildSettings = {
				ALWAYS_SEARCH_USER_PATHS = NO;
				CLANG_ANALYZER_NONNULL = YES;
				CLANG_ANALYZER_NUMBER_OBJECT_CONVERSION = YES_AGGRESSIVE;
				CLANG_CXX_LANGUAGE_STANDARD = "gnu++14";
				CLANG_CXX_LIBRARY = "libc++";
				CLANG_ENABLE_MODULES = YES;
				CLANG_ENABLE_OBJC_ARC = YES;
				CLANG_ENABLE_OBJC_WEAK = YES;
				CLANG_WARN_BLOCK_CAPTURE_AUTORELEASING = YES;
				CLANG_WARN_BOOL_CONVERSION = YES;
				CLANG_WARN_COMMA = YES;
				CLANG_WARN_CONSTANT_CONVERSION = YES;
				CLANG_WARN_DEPRECATED_OBJC_IMPLEMENTATIONS = YES;
				CLANG_WARN_DIRECT_OBJC_ISA_USAGE = YES_ERROR;
				CLANG_WARN_DOCUMENTATION_COMMENTS = YES;
				CLANG_WARN_EMPTY_BODY = YES;
				CLANG_WARN_ENUM_CONVERSION = YES;
				CLANG_WARN_INFINITE_RECURSION = YES;
				CLANG_WARN_INT_CONVERSION = YES;
				CLANG_WARN_NON_LITERAL_NULL_CONVERSION = YES;
				CLANG_WARN_OBJC_IMPLICIT_RETAIN_SELF = YES;
				CLANG_WARN_OBJC_LITERAL_CONVERSION = YES;
				CLANG_WARN_OBJC_ROOT_CLASS = YES_ERROR;
				CLANG_WARN_RANGE_LOOP_ANALYSIS = YES;
				CLANG_WARN_STRICT_PROTOTYPES = YES;
				CLANG_WARN_SUSPICIOUS_MOVE = YES;
				CLANG_WARN_UNGUARDED_AVAILABILITY = YES_AGGRESSIVE;
				CLANG_WARN_UNREACHABLE_CODE = YES;
				CLANG_WARN__DUPLICATE_METHOD_MATCH = YES;
				CODE_SIGN_IDENTITY = "iPhone Developer";
				COPY_PHASE_STRIP = NO;
				DEBUG_INFORMATION_FORMAT = "dwarf-with-dsym";
				ENABLE_NS_ASSERTIONS = NO;
				ENABLE_STRICT_OBJC_MSGSEND = YES;
				GCC_C_LANGUAGE_STANDARD = gnu11;
				GCC_NO_COMMON_BLOCKS = YES;
				GCC_WARN_64_TO_32_BIT_CONVERSION = YES;
				GCC_WARN_ABOUT_RETURN_TYPE = YES_ERROR;
				GCC_WARN_UNDECLARED_SELECTOR = YES;
				GCC_WARN_UNINITIALIZED_AUTOS = YES_AGGRESSIVE;
				GCC_WARN_UNUSED_FUNCTION = YES;
				GCC_WARN_UNUSED_VARIABLE = YES;
				IPHONEOS_DEPLOYMENT_TARGET = 12.2;
				MTL_ENABLE_DEBUG_INFO = NO;
				MTL_FAST_MATH = YES;
				SDKROOT = iphoneos;
				SWIFT_COMPILATION_MODE = wholemodule;
				SWIFT_OPTIMIZATION_LEVEL = "-O";
				VALIDATE_PRODUCT = YES;
			};
			name = Release;
		};
		78425356228CFC6A0055454C /* Debug */ = {
			isa = XCBuildConfiguration;
			baseConfigurationReference = 1A990E8A3F2AA8835666FD59 /* Pods-SwiftStudy.debug.xcconfig */;
			buildSettings = {
				ASSETCATALOG_COMPILER_APPICON_NAME = AppIcon;
				CODE_SIGN_STYLE = Manual;
				DEVELOPMENT_TEAM = 2N77G66QN3;
				INFOPLIST_FILE = SwiftStudy/Info.plist;
				IPHONEOS_DEPLOYMENT_TARGET = 11.0;
				LD_RUNPATH_SEARCH_PATHS = (
					"$(inherited)",
					"@executable_path/Frameworks",
				);
				PRODUCT_BUNDLE_IDENTIFIER = com.chinadaily.ChinaDaily;
				PRODUCT_NAME = "$(TARGET_NAME)";
				PROVISIONING_PROFILE_SPECIFIER = "News for iPhone";
				SWIFT_VERSION = 5.0;
				TARGETED_DEVICE_FAMILY = "1,2";
			};
			name = Debug;
		};
		78425357228CFC6A0055454C /* Release */ = {
			isa = XCBuildConfiguration;
			baseConfigurationReference = FD526B84FD9D1FD983A98597 /* Pods-SwiftStudy.release.xcconfig */;
			buildSettings = {
				ASSETCATALOG_COMPILER_APPICON_NAME = AppIcon;
				CODE_SIGN_STYLE = Manual;
				DEVELOPMENT_TEAM = 2N77G66QN3;
				INFOPLIST_FILE = SwiftStudy/Info.plist;
				IPHONEOS_DEPLOYMENT_TARGET = 11.0;
				LD_RUNPATH_SEARCH_PATHS = (
					"$(inherited)",
					"@executable_path/Frameworks",
				);
				PRODUCT_BUNDLE_IDENTIFIER = com.chinadaily.ChinaDaily;
				PRODUCT_NAME = "$(TARGET_NAME)";
				PROVISIONING_PROFILE_SPECIFIER = "News for iPhone";
				SWIFT_VERSION = 5.0;
				TARGETED_DEVICE_FAMILY = "1,2";
			};
			name = Release;
		};
		78425359228CFC6A0055454C /* Debug */ = {
			isa = XCBuildConfiguration;
			buildSettings = {
				ALWAYS_EMBED_SWIFT_STANDARD_LIBRARIES = YES;
				BUNDLE_LOADER = "$(TEST_HOST)";
				CODE_SIGN_STYLE = Automatic;
				INFOPLIST_FILE = SwiftStudyTests/Info.plist;
				LD_RUNPATH_SEARCH_PATHS = (
					"$(inherited)",
					"@executable_path/Frameworks",
					"@loader_path/Frameworks",
				);
				PRODUCT_BUNDLE_IDENTIFIER = wsl.SwiftStudyTests;
				PRODUCT_NAME = "$(TARGET_NAME)";
				SWIFT_VERSION = 5.0;
				TARGETED_DEVICE_FAMILY = "1,2";
				TEST_HOST = "$(BUILT_PRODUCTS_DIR)/SwiftStudy.app/SwiftStudy";
			};
			name = Debug;
		};
		7842535A228CFC6A0055454C /* Release */ = {
			isa = XCBuildConfiguration;
			buildSettings = {
				ALWAYS_EMBED_SWIFT_STANDARD_LIBRARIES = YES;
				BUNDLE_LOADER = "$(TEST_HOST)";
				CODE_SIGN_STYLE = Automatic;
				INFOPLIST_FILE = SwiftStudyTests/Info.plist;
				LD_RUNPATH_SEARCH_PATHS = (
					"$(inherited)",
					"@executable_path/Frameworks",
					"@loader_path/Frameworks",
				);
				PRODUCT_BUNDLE_IDENTIFIER = wsl.SwiftStudyTests;
				PRODUCT_NAME = "$(TARGET_NAME)";
				SWIFT_VERSION = 5.0;
				TARGETED_DEVICE_FAMILY = "1,2";
				TEST_HOST = "$(BUILT_PRODUCTS_DIR)/SwiftStudy.app/SwiftStudy";
			};
			name = Release;
		};
		7842535C228CFC6A0055454C /* Debug */ = {
			isa = XCBuildConfiguration;
			buildSettings = {
				ALWAYS_EMBED_SWIFT_STANDARD_LIBRARIES = YES;
				CODE_SIGN_STYLE = Automatic;
				INFOPLIST_FILE = SwiftStudyUITests/Info.plist;
				LD_RUNPATH_SEARCH_PATHS = (
					"$(inherited)",
					"@executable_path/Frameworks",
					"@loader_path/Frameworks",
				);
				PRODUCT_BUNDLE_IDENTIFIER = wsl.SwiftStudyUITests;
				PRODUCT_NAME = "$(TARGET_NAME)";
				SWIFT_VERSION = 5.0;
				TARGETED_DEVICE_FAMILY = "1,2";
				TEST_TARGET_NAME = SwiftStudy;
			};
			name = Debug;
		};
		7842535D228CFC6A0055454C /* Release */ = {
			isa = XCBuildConfiguration;
			buildSettings = {
				ALWAYS_EMBED_SWIFT_STANDARD_LIBRARIES = YES;
				CODE_SIGN_STYLE = Automatic;
				INFOPLIST_FILE = SwiftStudyUITests/Info.plist;
				LD_RUNPATH_SEARCH_PATHS = (
					"$(inherited)",
					"@executable_path/Frameworks",
					"@loader_path/Frameworks",
				);
				PRODUCT_BUNDLE_IDENTIFIER = wsl.SwiftStudyUITests;
				PRODUCT_NAME = "$(TARGET_NAME)";
				SWIFT_VERSION = 5.0;
				TARGETED_DEVICE_FAMILY = "1,2";
				TEST_TARGET_NAME = SwiftStudy;
			};
			name = Release;
		};
/* End XCBuildConfiguration section */

/* Begin XCConfigurationList section */
		78425328228CFC680055454C /* Build configuration list for PBXProject "SwiftStudy" */ = {
			isa = XCConfigurationList;
			buildConfigurations = (
				78425353228CFC6A0055454C /* Debug */,
				78425354228CFC6A0055454C /* Release */,
			);
			defaultConfigurationIsVisible = 0;
			defaultConfigurationName = Release;
		};
		78425355228CFC6A0055454C /* Build configuration list for PBXNativeTarget "SwiftStudy" */ = {
			isa = XCConfigurationList;
			buildConfigurations = (
				78425356228CFC6A0055454C /* Debug */,
				78425357228CFC6A0055454C /* Release */,
			);
			defaultConfigurationIsVisible = 0;
			defaultConfigurationName = Release;
		};
		78425358228CFC6A0055454C /* Build configuration list for PBXNativeTarget "SwiftStudyTests" */ = {
			isa = XCConfigurationList;
			buildConfigurations = (
				78425359228CFC6A0055454C /* Debug */,
				7842535A228CFC6A0055454C /* Release */,
			);
			defaultConfigurationIsVisible = 0;
			defaultConfigurationName = Release;
		};
		7842535B228CFC6A0055454C /* Build configuration list for PBXNativeTarget "SwiftStudyUITests" */ = {
			isa = XCConfigurationList;
			buildConfigurations = (
				7842535C228CFC6A0055454C /* Debug */,
				7842535D228CFC6A0055454C /* Release */,
			);
			defaultConfigurationIsVisible = 0;
			defaultConfigurationName = Release;
		};
/* End XCConfigurationList section */
	};
	rootObject = 78425325228CFC680055454C /* Project object */;
}
