PODS:
  - Alamofire (5.0.0-beta.6)
  - SnapKit (4.2.0)

DEPENDENCIES:
  - Alamofire (~> 5.0.0-beta.6)
  - SnapKit

SPEC REPOS:
  https://github.com/cocoapods/specs.git:
    - Alamofire
    - SnapKit

SPEC CHECKSUMS:
  Alamofire: cd08a4402bd12cacd0c66f23fb12fec8d6b965e4
  SnapKit: fe8a619752f3f27075cc9a90244d75c6c3f27e2a

PODFILE CHECKSUM: bbe9c75432fda778fa2da9d95f6a709908aadc16

COCOAPODS: 1.6.1
