PODS:
  - Alamofire (4.8.2)
  - AlamofireImage (3.5.2):
    - Alamofire (~> 4.8)
  - GDPerformanceView-Swift (2.0.2)
  - HandyJSON (5.0.0)
  - Kingfisher (5.5.0)
  - SnapKit (5.0.0)

DEPENDENCIES:
  - Alamofire (~> 4.8)
  - AlamofireImage (~> 3.5)
  - GDPerformanceView-Swift (~> 2.0.2)
  - HandyJSON (~> 5.0.0-beta.1)
  - Kingfisher (~> 5.5.0)
  - SnapKit

SPEC REPOS:
  https://github.com/cocoapods/specs.git:
    - Alamofire
    - AlamofireImage
    - GDPerformanceView-Swift
    - HandyJSON
    - Kingfisher
    - SnapKit

SPEC CHECKSUMS:
  Alamofire: ae5c501addb7afdbb13687d7f2f722c78734c2d3
  AlamofireImage: 63cfe3baf1370be6c498149687cf6db3e3b00999
  GDPerformanceView-Swift: a40b2f675589449f5b5082f3178f01bfdb7882ce
  HandyJSON: 992f2d661716d6a91de82d0056927bc7813b5770
  Kingfisher: 6fe5e67a90fd335e49b0f5c075ff55ac5ebedd94
  SnapKit: fd22d10eb9aff484d79a8724eab922c1ddf89bcf

PODFILE CHECKSUM: 73df7b4e939e16c5fb42ae391cdf7d43fdeb503d

COCOAPODS: 1.6.1
